
Microsoft Visual Studio Solution File, Format Version 12.00
# Visual Studio Version 17
VisualStudioVersion = 17.4.33205.214
MinimumVisualStudioVersion = 10.0.40219.1
Project("{FAE04EC0-301F-11D3-BF4B-00C04F79EFBC}") = "Notice", "Notice.csproj", "{CBB708C9-DF28-4C1F-BBC8-91091133D34E}"
EndProject
Global
	GlobalSection(SolutionConfigurationPlatforms) = preSolution
		Debug|Any CPU = Debug|Any CPU
		Release|Any CPU = Release|Any CPU
	EndGlobalSection
	GlobalSection(ProjectConfigurationPlatforms) = postSolution
		{CBB708C9-DF28-4C1F-BBC8-91091133D34E}.Debug|Any CPU.ActiveCfg = Debug|Any CPU
		{CBB708C9-DF28-4C1F-BBC8-91091133D34E}.Debug|Any CPU.Build.0 = Debug|Any CPU
		{CBB708C9-DF28-4C1F-BBC8-91091133D34E}.Release|Any CPU.ActiveCfg = Release|Any CPU
		{CBB708C9-DF28-4C1F-BBC8-91091133D34E}.Release|Any CPU.Build.0 = Release|Any CPU
	EndGlobalSection
	GlobalSection(SolutionProperties) = preSolution
		HideSolutionNode = FALSE
	EndGlobalSection
	GlobalSection(ExtensibilityGlobals) = postSolution
		SolutionGuid = {9F40CFD5-946C-43C4-A188-19B6CC0E766D}
	EndGlobalSection
EndGlobal
